{
  "originHash" : "3e3877f046c65745b11feb97b154cfc8b904cfd63cb180a9d8a3fadf2b161f22",
  "pins" : [
    {
      "identity" : "cwlcatchexception",
      "kind" : "remoteSourceControl",
      "location" : "https://github.com/mattgallagher/CwlCatchException.git",
      "state" : {
        "revision" : "07b2ba21d361c223e25e3c1e924288742923f08c",
        "version" : "2.2.1"
      }
    },
    {
      "identity" : "cwlpreconditiontesting",
      "kind" : "remoteSourceControl",
      "location" : "https://github.com/mattgallagher/CwlPreconditionTesting.git",
      "state" : {
        "revision" : "0139c665ebb45e6a9fbdb68aabfd7c39f3fe0071",
        "version" : "2.2.2"
      }
    },
    {
      "identity" : "nimble?utm_source=chatgpt.com",
      "kind" : "remoteSourceControl",
      "location" : "https://github.com/Quick/Nimble?utm_source=chatgpt.com",
      "state" : {
        "branch" : "main",
        "revision" : "727f75d91a0f7501d08d938966d17e6728b76a2a"
      }
    },
    {
      "identity" : "nuke",
      "kind" : "remoteSourceControl",
      "location" : "https://github.com/kean/Nuke",
      "state" : {
        "revision" : "63a8fcbd6621340a2410bc3e9575ac97058615f4",
        "version" : "13.0.6"
      }
    }
  ],
  "version" : 3
}
