// !$*UTF8*$!
{
	archiveVersion = 1;
	classes = {
	};
	objectVersion = 77;
	objects = {

/* Begin PBXBuildFile section */
		711A39872FF78B41000D645F /* Nimble in Frameworks */ = {isa = PBXBuildFile; productRef = 711A39862FF78B41000D645F /* Nimble */; };
		711A39CB2FFE692E000D645F /* FirebaseAnalytics in Frameworks */ = {isa = PBXBuildFile; productRef = 711A39CA2FFE692E000D645F /* FirebaseAnalytics */; };
		711A39D62FFF5A3C000D645F /* Resolver in Frameworks */ = {isa = PBXBuildFile; productRef = 711A39D52FFF5A3C000D645F /* Resolver */; };
		716723DF2FF22CCF008F760C /* Nuke in Frameworks */ = {isa = PBXBuildFile; productRef = 716723DE2FF22CCF008F760C /* Nuke */; };
		716723E12FF22CD2008F760C /* NukeUI in Frameworks */ = {isa = PBXBuildFile; productRef = 716723E02FF22CD2008F760C /* NukeUI */; };
/* End PBXBuildFile section */

/* Begin PBXContainerItemProxy section */
		716723F92FF2C2E0008F760C /* PBXContainerItemProxy */ = {
			isa = PBXContainerItemProxy;
			containerPortal = 716723982FEBB3B9008F760C /* Project object */;
			proxyType = 1;
			remoteGlobalIDString = 7167239F2FEBB3B9008F760C;
			remoteInfo = "ecom-mvvm";
		};
/* End PBXContainerItemProxy section */

/* Begin PBXFileReference section */
		711686F42FF3B7C200DE25F5 /* XCTest.framework */ = {isa = PBXFileReference; lastKnownFileType = wrapper.framework; name = XCTest.framework; path = Platforms/iPhoneOS.platform/Developer/Library/Frameworks/XCTest.framework; sourceTree = DEVELOPER_DIR; };
		711A38CD2FF3BD70000D645F /* ecom_mvvmTests.swift */ = {isa = PBXFileReference; lastKnownFileType = sourcecode.swift; path = ecom_mvvmTests.swift; sourceTree = "<group>"; };
		716723A02FEBB3B9008F760C /* ecom-mvvm.app */ = {isa = PBXFileReference; explicitFileType = wrapper.application; includeInIndex = 0; path = "ecom-mvvm.app"; sourceTree = BUILT_PRODUCTS_DIR; };
		716723F52FF2C2E0008F760C /* ecom-mvvmTests.xctest */ = {isa = PBXFileReference; explicitFileType = wrapper.cfbundle; includeInIndex = 0; path = "ecom-mvvmTests.xctest"; sourceTree = BUILT_PRODUCTS_DIR; };
/* End PBXFileReference section */

/* Begin PBXFileSystemSynchronizedBuildFileExceptionSet section */
		711687052FF3B83000DE25F5 /* Exceptions for "ecom-mvvmTests" folder in "ecom-mvvm" target */ = {
			isa = PBXFileSystemSynchronizedBuildFileExceptionSet;
			membershipExceptions = (
				Helpers/TestError.swift,
				Mocks/MockProductRepository.swift,
			);
			target = 7167239F2FEBB3B9008F760C /* ecom-mvvm */;
		};
		711687062FF3B83000DE25F5 /* Exceptions for "ecom-mvvmTests" folder in "ecom-mvvmTests" target */ = {
			isa = PBXFileSystemSynchronizedBuildFileExceptionSet;
			membershipExceptions = (
				AsyncUnitTests/AsyncUnitTestExample.swift,
				AsyncUnitTests/NimbleSampleTest.swift,
				Helpers/TestError.swift,
				Mocks/MockFetchProductUseCase.swift,
				Mocks/MockProductRepository.swift,
				UseCases/FetchProductUseCaseTests.swift,
				ViewModels/ProductListViewModelTests.swift,
			);
			target = 716723F42FF2C2E0008F760C /* ecom-mvvmTests */;
		};
		711A39F42FFFF465000D645F /* Exceptions for "ecom-mvvm" folder in "ecom-mvvm" target */ = {
			isa = PBXFileSystemSynchronizedBuildFileExceptionSet;
			membershipExceptions = (
				Info.plist,
			);
			target = 7167239F2FEBB3B9008F760C /* ecom-mvvm */;
		};
/* End PBXFileSystemSynchronizedBuildFileExceptionSet section */

/* Begin PBXFileSystemSynchronizedRootGroup section */
		711686FD2FF3B81B00DE25F5 /* ecom-mvvmTests */ = {
			isa = PBXFileSystemSynchronizedRootGroup;
			exceptions = (
				711687052FF3B83000DE25F5 /* Exceptions for "ecom-mvvmTests" folder in "ecom-mvvm" target */,
				711687062FF3B83000DE25F5 /* Exceptions for "ecom-mvvmTests" folder in "ecom-mvvmTests" target */,
			);
			path = "ecom-mvvmTests";
			sourceTree = "<group>";
		};
		716723A22FEBB3B9008F760C /* ecom-mvvm */ = {
			isa = PBXFileSystemSynchronizedRootGroup;
			exceptions = (
				711A39F42FFFF465000D645F /* Exceptions for "ecom-mvvm" folder in "ecom-mvvm" target */,
			);
			path = "ecom-mvvm";
			sourceTree = "<group>";
		};
/* End PBXFileSystemSynchronizedRootGroup section */

/* Begin PBXFrameworksBuildPhase section */
		7167239D2FEBB3B9008F760C /* Frameworks */ = {
			isa = PBXFrameworksBuildPhase;
			buildActionMask = 2147483647;
			files = (
				716723DF2FF22CCF008F760C /* Nuke in Frameworks */,
				716723E12FF22CD2008F760C /* NukeUI in Frameworks */,
				711A39D62FFF5A3C000D645F /* Resolver in Frameworks */,
				711A39CB2FFE692E000D645F /* FirebaseAnalytics in Frameworks */,
			);
			runOnlyForDeploymentPostprocessing = 0;
		};
		716723F22FF2C2E0008F760C /* Frameworks */ = {
			isa = PBXFrameworksBuildPhase;
			buildActionMask = 2147483647;
			files = (
				711A39872FF78B41000D645F /* Nimble in Frameworks */,
			);
			runOnlyForDeploymentPostprocessing = 0;
		};
/* End PBXFrameworksBuildPhase section */

/* Begin PBXGroup section */
		716723972FEBB3B9008F760C = {
			isa = PBXGroup;
			children = (
				716723A22FEBB3B9008F760C /* ecom-mvvm */,
				711686FD2FF3B81B00DE25F5 /* ecom-mvvmTests */,
				716723DD2FF22CCF008F760C /* Frameworks */,
				716723A12FEBB3B9008F760C /* Products */,
			);
			sourceTree = "<group>";
		};
		716723A12FEBB3B9008F760C /* Products */ = {
			isa = PBXGroup;
			children = (
				716723A02FEBB3B9008F760C /* ecom-mvvm.app */,
				716723F52FF2C2E0008F760C /* ecom-mvvmTests.xctest */,
			);
			name = Products;
			sourceTree = "<group>";
		};
		716723DD2FF22CCF008F760C /* Frameworks */ = {
			isa = PBXGroup;
			children = (
				711686F42FF3B7C200DE25F5 /* XCTest.framework */,
				711A38CD2FF3BD70000D645F /* ecom_mvvmTests.swift */,
			);
			name = Frameworks;
			sourceTree = "<group>";
		};
/* End PBXGroup section */

/* Begin PBXNativeTarget section */
		7167239F2FEBB3B9008F760C /* ecom-mvvm */ = {
			isa = PBXNativeTarget;
			buildConfigurationList = 716723AB2FEBB3BA008F760C /* Build configuration list for PBXNativeTarget "ecom-mvvm" */;
			buildPhases = (
				7167239C2FEBB3B9008F760C /* Sources */,
				7167239D2FEBB3B9008F760C /* Frameworks */,
				7167239E2FEBB3B9008F760C /* Resources */,
			);
			buildRules = (
			);
			dependencies = (
			);
			fileSystemSynchronizedGroups = (
				716723A22FEBB3B9008F760C /* ecom-mvvm */,
			);
			name = "ecom-mvvm";
			packageProductDependencies = (
				716723DE2FF22CCF008F760C /* Nuke */,
				716723E02FF22CD2008F760C /* NukeUI */,
				711A39CA2FFE692E000D645F /* FirebaseAnalytics */,
				711A39D52FFF5A3C000D645F /* Resolver */,
			);
			productName = "ecom-mvvm";
			productReference = 716723A02FEBB3B9008F760C /* ecom-mvvm.app */;
			productType = "com.apple.product-type.application";
		};
		716723F42FF2C2E0008F760C /* ecom-mvvmTests */ = {
			isa = PBXNativeTarget;
			buildConfigurationList = 716723FB2FF2C2E0008F760C /* Build configuration list for PBXNativeTarget "ecom-mvvmTests" */;
			buildPhases = (
				716723F12FF2C2E0008F760C /* Sources */,
				716723F22FF2C2E0008F760C /* Frameworks */,
				716723F32FF2C2E0008F760C /* Resources */,
			);
			buildRules = (
			);
			dependencies = (
				716723FA2FF2C2E0008F760C /* PBXTargetDependency */,
			);
			name = "ecom-mvvmTests";
			packageProductDependencies = (
				711A39862FF78B41000D645F /* Nimble */,
			);
			productName = "ecom-mvvmTests";
			productReference = 716723F52FF2C2E0008F760C /* ecom-mvvmTests.xctest */;
			productType = "com.apple.product-type.bundle.unit-test";
		};
/* End PBXNativeTarget section */

/* Begin PBXProject section */
		716723982FEBB3B9008F760C /* Project object */ = {
			isa = PBXProject;
			attributes = {
				BuildIndependentTargetsInParallel = 1;
				LastSwiftUpdateCheck = 2660;
				LastUpgradeCheck = 2660;
				TargetAttributes = {
					7167239F2FEBB3B9008F760C = {
						CreatedOnToolsVersion = 26.5;
					};
					716723F42FF2C2E0008F760C = {
						CreatedOnToolsVersion = 26.5;
						TestTargetID = 7167239F2FEBB3B9008F760C;
					};
				};
			};
			buildConfigurationList = 7167239B2FEBB3B9008F760C /* Build configuration list for PBXProject "ecom-mvvm" */;
			developmentRegion = en;
			hasScannedForEncodings = 0;
			knownRegions = (
				en,
				fr,
				Base,
			);
			mainGroup = 716723972FEBB3B9008F760C;
			minimizedProjectReferenceProxies = 1;
			packageReferences = (
				716723DC2FF22BD1008F760C /* XCRemoteSwiftPackageReference "Nuke" */,
				711A39852FF78B41000D645F /* XCRemoteSwiftPackageReference "Nimble" */,
				711A39C92FFE692E000D645F /* XCRemoteSwiftPackageReference "firebase-ios-sdk" */,
				711A39D42FFF5A3C000D645F /* XCRemoteSwiftPackageReference "Resolver" */,
			);
			preferredProjectObjectVersion = 77;
			productRefGroup = 716723A12FEBB3B9008F760C /* Products */;
			projectDirPath = "";
			projectRoot = "";
			targets = (
				7167239F2FEBB3B9008F760C /* ecom-mvvm */,
				716723F42FF2C2E0008F760C /* ecom-mvvmTests */,
			);
		};
/* End PBXProject section */

/* Begin PBXResourcesBuildPhase section */
		7167239E2FEBB3B9008F760C /* Resources */ = {
			isa = PBXResourcesBuildPhase;
			buildActionMask = 2147483647;
			files = (
			);
			runOnlyForDeploymentPostprocessing = 0;
		};
		716723F32FF2C2E0008F760C /* Resources */ = {
			isa = PBXResourcesBuildPhase;
			buildActionMask = 2147483647;
			files = (
			);
			runOnlyForDeploymentPostprocessing = 0;
		};
/* End PBXResourcesBuildPhase section */

/* Begin PBXSourcesBuildPhase section */
		7167239C2FEBB3B9008F760C /* Sources */ = {
			isa = PBXSourcesBuildPhase;
			buildActionMask = 2147483647;
			files = (
			);
			runOnlyForDeploymentPostprocessing = 0;
		};
		716723F12FF2C2E0008F760C /* Sources */ = {
			isa = PBXSourcesBuildPhase;
			buildActionMask = 2147483647;
			files = (
			);
			runOnlyForDeploymentPostprocessing = 0;
		};
/* End PBXSourcesBuildPhase section */

/* Begin PBXTargetDependency section */
		716723FA2FF2C2E0008F760C /* PBXTargetDependency */ = {
			isa = PBXTargetDependency;
			target = 7167239F2FEBB3B9008F760C /* ecom-mvvm */;
			targetProxy = 716723F92FF2C2E0008F760C /* PBXContainerItemProxy */;
		};
/* End PBXTargetDependency section */

/* Begin XCBuildConfiguration section */
		716723A92FEBB3BA008F760C /* Debug */ = {
			isa = XCBuildConfiguration;
			buildSettings = {
				ALWAYS_SEARCH_USER_PATHS = NO;
				ASSETCATALOG_COMPILER_GENERATE_SWIFT_ASSET_SYMBOL_EXTENSIONS = YES;
				CLANG_ANALYZER_LOCALIZABILITY_NONLOCALIZED = YES;
				CLANG_ANALYZER_NONNULL = YES;
				CLANG_ANALYZER_NUMBER_OBJECT_CONVERSION = YES_AGGRESSIVE;
				CLANG_CXX_LANGUAGE_STANDARD = "gnu++20";
				CLANG_ENABLE_MODULES = YES;
				CLANG_ENABLE_OBJC_ARC = YES;
				CLANG_ENABLE_OBJC_WEAK = YES;
				CLANG_WARN_BLOCK_CAPTURE_AUTORELEASING = YES;
				CLANG_WARN_BOOL_CONVERSION = YES;
				CLANG_WARN_COMMA = YES;
				CLANG_WARN_CONSTANT_CONVERSION = YES;
				CLANG_WARN_DEPRECATED_OBJC_IMPLEMENTATIONS = YES;
				CLANG_WARN_DIRECT_OBJC_ISA_USAGE = YES_ERROR;
				CLANG_WARN_DOCUMENTATION_COMMENTS = YES;
				CLANG_WARN_EMPTY_BODY = YES;
				CLANG_WARN_ENUM_CONVERSION = YES;
				CLANG_WARN_INFINITE_RECURSION = YES;
				CLANG_WARN_INT_CONVERSION = YES;
				CLANG_WARN_NON_LITERAL_NULL_CONVERSION = YES;
				CLANG_WARN_OBJC_IMPLICIT_RETAIN_SELF = YES;
				CLANG_WARN_OBJC_LITERAL_CONVERSION = YES;
				CLANG_WARN_OBJC_ROOT_CLASS = YES_ERROR;
				CLANG_WARN_QUOTED_INCLUDE_IN_FRAMEWORK_HEADER = YES;
				CLANG_WARN_RANGE_LOOP_ANALYSIS = YES;
				CLANG_WARN_STRICT_PROTOTYPES = YES;
				CLANG_WARN_SUSPICIOUS_MOVE = YES;
				CLANG_WARN_UNGUARDED_AVAILABILITY = YES_AGGRESSIVE;
				CLANG_WARN_UNREACHABLE_CODE = YES;
				CLANG_WARN__DUPLICATE_METHOD_MATCH = YES;
				COPY_PHASE_STRIP = NO;
				DEAD_CODE_STRIPPING = YES;
				DEBUG_INFORMATION_FORMAT = dwarf;
				ENABLE_STRICT_OBJC_MSGSEND = YES;
				ENABLE_TESTABILITY = YES;
				ENABLE_USER_SCRIPT_SANDBOXING = YES;
				GCC_C_LANGUAGE_STANDARD = gnu17;
				GCC_DYNAMIC_NO_PIC = NO;
				GCC_NO_COMMON_BLOCKS = YES;
				GCC_OPTIMIZATION_LEVEL = 0;
				GCC_PREPROCESSOR_DEFINITIONS = (
					"DEBUG=1",
					"$(inherited)",
				);
				GCC_WARN_64_TO_32_BIT_CONVERSION = YES;
				GCC_WARN_ABOUT_RETURN_TYPE = YES_ERROR;
				GCC_WARN_UNDECLARED_SELECTOR = YES;
				GCC_WARN_UNINITIALIZED_AUTOS = YES_AGGRESSIVE;
				GCC_WARN_UNUSED_FUNCTION = YES;
				GCC_WARN_UNUSED_VARIABLE = YES;
				LOCALIZATION_PREFERS_STRING_CATALOGS = YES;
				MTL_ENABLE_DEBUG_INFO = INCLUDE_SOURCE;
				MTL_FAST_MATH = YES;
				ONLY_ACTIVE_ARCH = YES;
				STRING_CATALOG_GENERATE_SYMBOLS = YES;
				SWIFT_ACTIVE_COMPILATION_CONDITIONS = "DEBUG $(inherited)";
				SWIFT_EMIT_LOC_STRINGS = YES;
				SWIFT_OPTIMIZATION_LEVEL = "-Onone";
			};
			name = Debug;
		};
		716723AA2FEBB3BA008F760C /* Release */ = {
			isa = XCBuildConfiguration;
			buildSettings = {
				ALWAYS_SEARCH_USER_PATHS = NO;
				ASSETCATALOG_COMPILER_GENERATE_SWIFT_ASSET_SYMBOL_EXTENSIONS = YES;
				CLANG_ANALYZER_LOCALIZABILITY_NONLOCALIZED = YES;
				CLANG_ANALYZER_NONNULL = YES;
				CLANG_ANALYZER_NUMBER_OBJECT_CONVERSION = YES_AGGRESSIVE;
				CLANG_CXX_LANGUAGE_STANDARD = "gnu++20";
				CLANG_ENABLE_MODULES = YES;
				CLANG_ENABLE_OBJC_ARC = YES;
				CLANG_ENABLE_OBJC_WEAK = YES;
				CLANG_WARN_BLOCK_CAPTURE_AUTORELEASING = YES;
				CLANG_WARN_BOOL_CONVERSION = YES;
				CLANG_WARN_COMMA = YES;
				CLANG_WARN_CONSTANT_CONVERSION = YES;
				CLANG_WARN_DEPRECATED_OBJC_IMPLEMENTATIONS = YES;
				CLANG_WARN_DIRECT_OBJC_ISA_USAGE = YES_ERROR;
				CLANG_WARN_DOCUMENTATION_COMMENTS = YES;
				CLANG_WARN_EMPTY_BODY = YES;
				CLANG_WARN_ENUM_CONVERSION = YES;
				CLANG_WARN_INFINITE_RECURSION = YES;
				CLANG_WARN_INT_CONVERSION = YES;
				CLANG_WARN_NON_LITERAL_NULL_CONVERSION = YES;
				CLANG_WARN_OBJC_IMPLICIT_RETAIN_SELF = YES;
				CLANG_WARN_OBJC_LITERAL_CONVERSION = YES;
				CLANG_WARN_OBJC_ROOT_CLASS = YES_ERROR;
				CLANG_WARN_QUOTED_INCLUDE_IN_FRAMEWORK_HEADER = YES;
				CLANG_WARN_RANGE_LOOP_ANALYSIS = YES;
				CLANG_WARN_STRICT_PROTOTYPES = YES;
				CLANG_WARN_SUSPICIOUS_MOVE = YES;
				CLANG_WARN_UNGUARDED_AVAILABILITY = YES_AGGRESSIVE;
				CLANG_WARN_UNREACHABLE_CODE = YES;
				CLANG_WARN__DUPLICATE_METHOD_MATCH = YES;
				COPY_PHASE_STRIP = NO;
				DEAD_CODE_STRIPPING = YES;
				DEBUG_INFORMATION_FORMAT = "dwarf-with-dsym";
				ENABLE_NS_ASSERTIONS = NO;
				ENABLE_STRICT_OBJC_MSGSEND = YES;
				ENABLE_USER_SCRIPT_SANDBOXING = YES;
				GCC_C_LANGUAGE_STANDARD = gnu17;
				GCC_NO_COMMON_BLOCKS = YES;
				GCC_WARN_64_TO_32_BIT_CONVERSION = YES;
				GCC_WARN_ABOUT_RETURN_TYPE = YES_ERROR;
				GCC_WARN_UNDECLARED_SELECTOR = YES;
				GCC_WARN_UNINITIALIZED_AUTOS = YES_AGGRESSIVE;
				GCC_WARN_UNUSED_FUNCTION = YES;
				GCC_WARN_UNUSED_VARIABLE = YES;
				LOCALIZATION_PREFERS_STRING_CATALOGS = YES;
				MTL_ENABLE_DEBUG_INFO = NO;
				MTL_FAST_MATH = YES;
				STRING_CATALOG_GENERATE_SYMBOLS = YES;
				SWIFT_COMPILATION_MODE = wholemodule;
				SWIFT_EMIT_LOC_STRINGS = YES;
			};
			name = Release;
		};
		716723AC2FEBB3BA008F760C /* Debug */ = {
			isa = XCBuildConfiguration;
			buildSettings = {
				ASSETCATALOG_COMPILER_APPICON_NAME = AppIcon;
				ASSETCATALOG_COMPILER_GLOBAL_ACCENT_COLOR_NAME = AccentColor;
				CODE_SIGN_ENTITLEMENTS = "ecom-mvvm/ecom-mvvm.entitlements";
				CODE_SIGN_STYLE = Automatic;
				CURRENT_PROJECT_VERSION = 1;
				DEAD_CODE_STRIPPING = YES;
				DEVELOPMENT_TEAM = 95F869FZH6;
				ENABLE_APP_SANDBOX = YES;
				ENABLE_INCOMING_NETWORK_CONNECTIONS = NO;
				ENABLE_OUTGOING_NETWORK_CONNECTIONS = NO;
				ENABLE_PREVIEWS = YES;
				ENABLE_RESOURCE_ACCESS_AUDIO_INPUT = NO;
				ENABLE_RESOURCE_ACCESS_BLUETOOTH = NO;
				ENABLE_RESOURCE_ACCESS_CALENDARS = NO;
				ENABLE_RESOURCE_ACCESS_CAMERA = NO;
				ENABLE_RESOURCE_ACCESS_CONTACTS = NO;
				ENABLE_RESOURCE_ACCESS_LOCATION = NO;
				ENABLE_RESOURCE_ACCESS_PRINTING = NO;
				ENABLE_RESOURCE_ACCESS_USB = NO;
				ENABLE_USER_SELECTED_FILES = readonly;
				GENERATE_INFOPLIST_FILE = YES;
				INFOPLIST_FILE = "ecom-mvvm/Info.plist";
				"INFOPLIST_KEY_UIApplicationSceneManifest_Generation[sdk=iphoneos*]" = YES;
				"INFOPLIST_KEY_UIApplicationSceneManifest_Generation[sdk=iphonesimulator*]" = YES;
				"INFOPLIST_KEY_UIApplicationSupportsIndirectInputEvents[sdk=iphoneos*]" = YES;
				"INFOPLIST_KEY_UIApplicationSupportsIndirectInputEvents[sdk=iphonesimulator*]" = YES;
				"INFOPLIST_KEY_UILaunchScreen_Generation[sdk=iphoneos*]" = YES;
				"INFOPLIST_KEY_UILaunchScreen_Generation[sdk=iphonesimulator*]" = YES;
				"INFOPLIST_KEY_UIStatusBarStyle[sdk=iphoneos*]" = UIStatusBarStyleDefault;
				"INFOPLIST_KEY_UIStatusBarStyle[sdk=iphonesimulator*]" = UIStatusBarStyleDefault;
				INFOPLIST_KEY_UISupportedInterfaceOrientations_iPad = "UIInterfaceOrientationPortrait UIInterfaceOrientationPortraitUpsideDown UIInterfaceOrientationLandscapeLeft UIInterfaceOrientationLandscapeRight";
				INFOPLIST_KEY_UISupportedInterfaceOrientations_iPhone = "UIInterfaceOrientationPortrait UIInterfaceOrientationLandscapeLeft UIInterfaceOrientationLandscapeRight";
				IPHONEOS_DEPLOYMENT_TARGET = 26.5;
				LD_RUNPATH_SEARCH_PATHS = "@executable_path/Frameworks";
				"LD_RUNPATH_SEARCH_PATHS[sdk=macosx*]" = "@executable_path/../Frameworks";
				MACOSX_DEPLOYMENT_TARGET = 26.5;
				MARKETING_VERSION = 1.0;
				PRODUCT_BUNDLE_IDENTIFIER = "com.tw.step.ecom-mvvm";
				PRODUCT_NAME = "$(TARGET_NAME)";
				REGISTER_APP_GROUPS = YES;
				SDKROOT = auto;
				STRING_CATALOG_GENERATE_SYMBOLS = YES;
				SUPPORTED_PLATFORMS = "iphoneos iphonesimulator macosx xros xrsimulator";
				SWIFT_APPROACHABLE_CONCURRENCY = YES;
				SWIFT_DEFAULT_ACTOR_ISOLATION = MainActor;
				SWIFT_EMIT_LOC_STRINGS = YES;
				SWIFT_UPCOMING_FEATURE_MEMBER_IMPORT_VISIBILITY = YES;
				SWIFT_VERSION = 5.0;
				TARGETED_DEVICE_FAMILY = "1,2,7";
				XROS_DEPLOYMENT_TARGET = 26.5;
			};
			name = Debug;
		};
		716723AD2FEBB3BA008F760C /* Release */ = {
			isa = XCBuildConfiguration;
			buildSettings = {
				ASSETCATALOG_COMPILER_APPICON_NAME = AppIcon;
				ASSETCATALOG_COMPILER_GLOBAL_ACCENT_COLOR_NAME = AccentColor;
				CODE_SIGN_ENTITLEMENTS = "ecom-mvvm/ecom-mvvm.entitlements";
				CODE_SIGN_STYLE = Automatic;
				CURRENT_PROJECT_VERSION = 1;
				DEAD_CODE_STRIPPING = YES;
				DEVELOPMENT_TEAM = 95F869FZH6;
				ENABLE_APP_SANDBOX = YES;
				ENABLE_INCOMING_NETWORK_CONNECTIONS = NO;
				ENABLE_OUTGOING_NETWORK_CONNECTIONS = NO;
				ENABLE_PREVIEWS = YES;
				ENABLE_RESOURCE_ACCESS_AUDIO_INPUT = NO;
				ENABLE_RESOURCE_ACCESS_BLUETOOTH = NO;
				ENABLE_RESOURCE_ACCESS_CALENDARS = NO;
				ENABLE_RESOURCE_ACCESS_CAMERA = NO;
				ENABLE_RESOURCE_ACCESS_CONTACTS = NO;
				ENABLE_RESOURCE_ACCESS_LOCATION = NO;
				ENABLE_RESOURCE_ACCESS_PRINTING = NO;
				ENABLE_RESOURCE_ACCESS_USB = NO;
				ENABLE_USER_SELECTED_FILES = readonly;
				GENERATE_INFOPLIST_FILE = YES;
				INFOPLIST_FILE = "ecom-mvvm/Info.plist";
				"INFOPLIST_KEY_UIApplicationSceneManifest_Generation[sdk=iphoneos*]" = YES;
				"INFOPLIST_KEY_UIApplicationSceneManifest_Generation[sdk=iphonesimulator*]" = YES;
				"INFOPLIST_KEY_UIApplicationSupportsIndirectInputEvents[sdk=iphoneos*]" = YES;
				"INFOPLIST_KEY_UIApplicationSupportsIndirectInputEvents[sdk=iphonesimulator*]" = YES;
				"INFOPLIST_KEY_UILaunchScreen_Generation[sdk=iphoneos*]" = YES;
				"INFOPLIST_KEY_UILaunchScreen_Generation[sdk=iphonesimulator*]" = YES;
				"INFOPLIST_KEY_UIStatusBarStyle[sdk=iphoneos*]" = UIStatusBarStyleDefault;
				"INFOPLIST_KEY_UIStatusBarStyle[sdk=iphonesimulator*]" = UIStatusBarStyleDefault;
				INFOPLIST_KEY_UISupportedInterfaceOrientations_iPad = "UIInterfaceOrientationPortrait UIInterfaceOrientationPortraitUpsideDown UIInterfaceOrientationLandscapeLeft UIInterfaceOrientationLandscapeRight";
				INFOPLIST_KEY_UISupportedInterfaceOrientations_iPhone = "UIInterfaceOrientationPortrait UIInterfaceOrientationLandscapeLeft UIInterfaceOrientationLandscapeRight";
				IPHONEOS_DEPLOYMENT_TARGET = 26.5;
				LD_RUNPATH_SEARCH_PATHS = "@executable_path/Frameworks";
				"LD_RUNPATH_SEARCH_PATHS[sdk=macosx*]" = "@executable_path/../Frameworks";
				MACOSX_DEPLOYMENT_TARGET = 26.5;
				MARKETING_VERSION = 1.0;
				PRODUCT_BUNDLE_IDENTIFIER = "com.tw.step.ecom-mvvm";
				PRODUCT_NAME = "$(TARGET_NAME)";
				REGISTER_APP_GROUPS = YES;
				SDKROOT = auto;
				STRING_CATALOG_GENERATE_SYMBOLS = YES;
				SUPPORTED_PLATFORMS = "iphoneos iphonesimulator macosx xros xrsimulator";
				SWIFT_APPROACHABLE_CONCURRENCY = YES;
				SWIFT_DEFAULT_ACTOR_ISOLATION = MainActor;
				SWIFT_EMIT_LOC_STRINGS = YES;
				SWIFT_UPCOMING_FEATURE_MEMBER_IMPORT_VISIBILITY = YES;
				SWIFT_VERSION = 5.0;
				TARGETED_DEVICE_FAMILY = "1,2,7";
				XROS_DEPLOYMENT_TARGET = 26.5;
			};
			name = Release;
		};
		716723FC2FF2C2E0008F760C /* Debug */ = {
			isa = XCBuildConfiguration;
			buildSettings = {
				BUNDLE_LOADER = "$(TEST_HOST)";
				CODE_SIGN_STYLE = Automatic;
				CURRENT_PROJECT_VERSION = 1;
				GENERATE_INFOPLIST_FILE = YES;
				IPHONEOS_DEPLOYMENT_TARGET = 26.5;
				MARKETING_VERSION = 1.0;
				PRODUCT_BUNDLE_IDENTIFIER = "com.tw.step.ecom-mvvmTests";
				PRODUCT_NAME = "$(TARGET_NAME)";
				SDKROOT = iphoneos;
				STRING_CATALOG_GENERATE_SYMBOLS = NO;
				SWIFT_APPROACHABLE_CONCURRENCY = YES;
				SWIFT_EMIT_LOC_STRINGS = NO;
				SWIFT_UPCOMING_FEATURE_MEMBER_IMPORT_VISIBILITY = YES;
				SWIFT_VERSION = 5.0;
				TARGETED_DEVICE_FAMILY = "1,2";
				TEST_HOST = "$(BUILT_PRODUCTS_DIR)/ecom-mvvm.app/$(BUNDLE_EXECUTABLE_FOLDER_PATH)/ecom-mvvm";
			};
			name = Debug;
		};
		716723FD2FF2C2E0008F760C /* Release */ = {
			isa = XCBuildConfiguration;
			buildSettings = {
				BUNDLE_LOADER = "$(TEST_HOST)";
				CODE_SIGN_STYLE = Automatic;
				CURRENT_PROJECT_VERSION = 1;
				GENERATE_INFOPLIST_FILE = YES;
				IPHONEOS_DEPLOYMENT_TARGET = 26.5;
				MARKETING_VERSION = 1.0;
				PRODUCT_BUNDLE_IDENTIFIER = "com.tw.step.ecom-mvvmTests";
				PRODUCT_NAME = "$(TARGET_NAME)";
				SDKROOT = iphoneos;
				STRING_CATALOG_GENERATE_SYMBOLS = NO;
				SWIFT_APPROACHABLE_CONCURRENCY = YES;
				SWIFT_EMIT_LOC_STRINGS = NO;
				SWIFT_UPCOMING_FEATURE_MEMBER_IMPORT_VISIBILITY = YES;
				SWIFT_VERSION = 5.0;
				TARGETED_DEVICE_FAMILY = "1,2";
				TEST_HOST = "$(BUILT_PRODUCTS_DIR)/ecom-mvvm.app/$(BUNDLE_EXECUTABLE_FOLDER_PATH)/ecom-mvvm";
				VALIDATE_PRODUCT = YES;
			};
			name = Release;
		};
/* End XCBuildConfiguration section */

/* Begin XCConfigurationList section */
		7167239B2FEBB3B9008F760C /* Build configuration list for PBXProject "ecom-mvvm" */ = {
			isa = XCConfigurationList;
			buildConfigurations = (
				716723A92FEBB3BA008F760C /* Debug */,
				716723AA2FEBB3BA008F760C /* Release */,
			);
			defaultConfigurationIsVisible = 0;
			defaultConfigurationName = Release;
		};
		716723AB2FEBB3BA008F760C /* Build configuration list for PBXNativeTarget "ecom-mvvm" */ = {
			isa = XCConfigurationList;
			buildConfigurations = (
				716723AC2FEBB3BA008F760C /* Debug */,
				716723AD2FEBB3BA008F760C /* Release */,
			);
			defaultConfigurationIsVisible = 0;
			defaultConfigurationName = Release;
		};
		716723FB2FF2C2E0008F760C /* Build configuration list for PBXNativeTarget "ecom-mvvmTests" */ = {
			isa = XCConfigurationList;
			buildConfigurations = (
				716723FC2FF2C2E0008F760C /* Debug */,
				716723FD2FF2C2E0008F760C /* Release */,
			);
			defaultConfigurationIsVisible = 0;
			defaultConfigurationName = Release;
		};
/* End XCConfigurationList section */

/* Begin XCRemoteSwiftPackageReference section */
		711A39852FF78B41000D645F /* XCRemoteSwiftPackageReference "Nimble" */ = {
			isa = XCRemoteSwiftPackageReference;
			repositoryURL = "https://github.com/Quick/Nimble?utm_source=chatgpt.com";
			requirement = {
				branch = main;
				kind = branch;
			};
		};
		711A39C92FFE692E000D645F /* XCRemoteSwiftPackageReference "firebase-ios-sdk" */ = {
			isa = XCRemoteSwiftPackageReference;
			repositoryURL = "https://github.com/firebase/firebase-ios-sdk";
			requirement = {
				kind = upToNextMajorVersion;
				minimumVersion = 12.15.0;
			};
		};
		711A39D42FFF5A3C000D645F /* XCRemoteSwiftPackageReference "Resolver" */ = {
			isa = XCRemoteSwiftPackageReference;
			repositoryURL = "https://github.com/hmlongco/Resolver";
			requirement = {
				kind = upToNextMajorVersion;
				minimumVersion = 1.5.1;
			};
		};
		716723DC2FF22BD1008F760C /* XCRemoteSwiftPackageReference "Nuke" */ = {
			isa = XCRemoteSwiftPackageReference;
			repositoryURL = "https://github.com/kean/Nuke";
			requirement = {
				kind = upToNextMajorVersion;
				minimumVersion = 13.0.6;
			};
		};
/* End XCRemoteSwiftPackageReference section */

/* Begin XCSwiftPackageProductDependency section */
		711A39862FF78B41000D645F /* Nimble */ = {
			isa = XCSwiftPackageProductDependency;
			package = 711A39852FF78B41000D645F /* XCRemoteSwiftPackageReference "Nimble" */;
			productName = Nimble;
		};
		711A39CA2FFE692E000D645F /* FirebaseAnalytics */ = {
			isa = XCSwiftPackageProductDependency;
			package = 711A39C92FFE692E000D645F /* XCRemoteSwiftPackageReference "firebase-ios-sdk" */;
			productName = FirebaseAnalytics;
		};
		711A39D52FFF5A3C000D645F /* Resolver */ = {
			isa = XCSwiftPackageProductDependency;
			package = 711A39D42FFF5A3C000D645F /* XCRemoteSwiftPackageReference "Resolver" */;
			productName = Resolver;
		};
		716723DE2FF22CCF008F760C /* Nuke */ = {
			isa = XCSwiftPackageProductDependency;
			package = 716723DC2FF22BD1008F760C /* XCRemoteSwiftPackageReference "Nuke" */;
			productName = Nuke;
		};
		716723E02FF22CD2008F760C /* NukeUI */ = {
			isa = XCSwiftPackageProductDependency;
			package = 716723DC2FF22BD1008F760C /* XCRemoteSwiftPackageReference "Nuke" */;
			productName = NukeUI;
		};
/* End XCSwiftPackageProductDependency section */
	};
	rootObject = 716723982FEBB3B9008F760C /* Project object */;
}
